Microsoft Visual Studio Solution File, Format Version 12.00
# Visual Studio 15
VisualStudioVersion = 15.0.26228.04
MinimumVisualStudioVersion = 10.0.40219.1
Project("{9A19103F-16F7-4668-BE54-9A1E7A4F7556}") = "ReportMainDemo.NetCore.Desktop", "ReportMainDemo.NetCore.Desktop.csproj", "{8AEC7C9E-F0BE-0F5B-281E-D1B60F425C22}"
EndProject
Project("{FAE04EC0-301F-11D3-BF4B-00C04F79EFBC}") = "DevExpress.DemoReports.NetCore", "..\DevExpress.DemoReports\DevExpress.DemoReports.NetCore.csproj", "{F3B67523-6402-43EC-81B4-803E03250F44}"
EndProject
Global
	GlobalSection(SolutionConfigurationPlatforms) = preSolution
		Debug|Any CPU = Debug|Any CPU
		Release|Any CPU = Release|Any CPU
	EndGlobalSection
	GlobalSection(ProjectDependencies) = postSolution
	EndGlobalSection
	GlobalSection(ProjectConfigurationPlatforms) = postSolution
		{8AEC7C9E-F0BE-0F5B-281E-D1B60F425C22}.Debug|Any CPU.ActiveCfg = Debug|Any CPU
		{8AEC7C9E-F0BE-0F5B-281E-D1B60F425C22}.Debug|Any CPU.Build.0 = Debug|Any CPU
		{8AEC7C9E-F0BE-0F5B-281E-D1B60F425C22}.Release|Any CPU.ActiveCfg = Release|Any CPU
		{8AEC7C9E-F0BE-0F5B-281E-D1B60F425C22}.Release|Any CPU.Build.0 = Release|Any CPU
	EndGlobalSection
	GlobalSection(SolutionProperties) = preSolution
		HideSolutionNode = FALSE
	EndGlobalSection
EndGlobal
