Microsoft Visual Studio Solution File, Format Version 12.00
# Visual Studio 15
VisualStudioVersion = 15.0.26228.04
MinimumVisualStudioVersion = 10.0.40219.1
Project("{9A19103F-16F7-4668-BE54-9A1E7A4F7556}") = "DevExpress.DemoReports.NetCore", "DevExpress.DemoReports.NetCore.csproj", "{EF06D509-E716-45D0-9E32-4EBEE4D77027}"
EndProject
Global
	GlobalSection(SolutionConfigurationPlatforms) = preSolution
		Debug|Any CPU = Debug|Any CPU
		Release|Any CPU = Release|Any CPU
	EndGlobalSection
	GlobalSection(ProjectDependencies) = postSolution
	EndGlobalSection
	GlobalSection(ProjectConfigurationPlatforms) = postSolution
		{EF06D509-E716-45D0-9E32-4EBEE4D77027}.Debug|Any CPU.ActiveCfg = Debug|Any CPU
		{EF06D509-E716-45D0-9E32-4EBEE4D77027}.Debug|Any CPU.Build.0 = Debug|Any CPU
		{EF06D509-E716-45D0-9E32-4EBEE4D77027}.Release|Any CPU.ActiveCfg = Release|Any CPU
		{EF06D509-E716-45D0-9E32-4EBEE4D77027}.Release|Any CPU.Build.0 = Release|Any CPU
	EndGlobalSection
	GlobalSection(SolutionProperties) = preSolution
		HideSolutionNode = FALSE
	EndGlobalSection
EndGlobal
