
Microsoft Visual Studio Solution File, Format Version 12.00
# Visual Studio Version 16
VisualStudioVersion = 16.0.31112.23
MinimumVisualStudioVersion = 10.0.40219.1
Project("{9A19103F-16F7-4668-BE54-9A1E7A4F7556}") = "DevExpress.RealtorWorld.Win.NetCore.Desktop", "DevExpress.RealtorWorld.Win\DevExpress.RealtorWorld.Win.NetCore.Desktop.csproj", "{749EA761-CDC4-00E0-1DBA-11723258A28F}"
EndProject
Global
	GlobalSection(SolutionConfigurationPlatforms) = preSolution
		Debug|Any CPU = Debug|Any CPU
		DebugTest|Any CPU = DebugTest|Any CPU
		Release|Any CPU = Release|Any CPU
	EndGlobalSection
	GlobalSection(ProjectConfigurationPlatforms) = postSolution
		{749EA761-CDC4-00E0-1DBA-11723258A28F}.Debug|Any CPU.ActiveCfg = Debug|Any CPU
		{749EA761-CDC4-00E0-1DBA-11723258A28F}.Debug|Any CPU.Build.0 = Debug|Any CPU
		{749EA761-CDC4-00E0-1DBA-11723258A28F}.DebugTest|Any CPU.ActiveCfg = Debug|Any CPU
		{749EA761-CDC4-00E0-1DBA-11723258A28F}.DebugTest|Any CPU.Build.0 = Debug|Any CPU
		{749EA761-CDC4-00E0-1DBA-11723258A28F}.Release|Any CPU.ActiveCfg = Release|Any CPU
		{749EA761-CDC4-00E0-1DBA-11723258A28F}.Release|Any CPU.Build.0 = Release|Any CPU
	EndGlobalSection
	GlobalSection(SolutionProperties) = preSolution
		HideSolutionNode = FALSE
	EndGlobalSection
	GlobalSection(ExtensibilityGlobals) = postSolution
		SolutionGuid = {A6F0EF80-0702-4903-8714-7EFBA46F3DFB}
	EndGlobalSection
EndGlobal
