
Microsoft Visual Studio Solution File, Format Version 12.00
# Visual Studio Version 16
VisualStudioVersion = 16.0.28803.452
MinimumVisualStudioVersion = 10.0.40219.1
Project("{F184B08F-C81C-45F6-A57F-5ABD9991F28F}") = "DevExpress.ProductsDemo.Win", "DevExpress.ProductsDemo.Win\DevExpress.ProductsDemo.Win.vbproj", "{0D6B96B7-883B-4F8D-8B28-AB854D0264BF}"
EndProject
Global
	GlobalSection(SolutionConfigurationPlatforms) = preSolution
		Debug|Any CPU = Debug|Any CPU
		Release|Any CPU = Release|Any CPU
	EndGlobalSection
	GlobalSection(ProjectConfigurationPlatforms) = postSolution
		{0D6B96B7-883B-4F8D-8B28-AB854D0264BF}.Debug|Any CPU.ActiveCfg = Debug|Any CPU
		{0D6B96B7-883B-4F8D-8B28-AB854D0264BF}.Debug|Any CPU.Build.0 = Debug|Any CPU
		{0D6B96B7-883B-4F8D-8B28-AB854D0264BF}.Release|Any CPU.ActiveCfg = Release|Any CPU
		{0D6B96B7-883B-4F8D-8B28-AB854D0264BF}.Release|Any CPU.Build.0 = Release|Any CPU
	EndGlobalSection
	GlobalSection(SolutionProperties) = preSolution
		HideSolutionNode = FALSE
	EndGlobalSection
	GlobalSection(ExtensibilityGlobals) = postSolution
		SolutionGuid = {C2B178A6-3261-4137-838B-50EC11D2250D}
	EndGlobalSection
EndGlobal
