
Microsoft Visual Studio Solution File, Format Version 12.00
# Visual Studio Version 16
VisualStudioVersion = 16.0.31112.23
MinimumVisualStudioVersion = 10.0.40219.1
Project("{9A19103F-16F7-4668-BE54-9A1E7A4F7556}") = "DevExpress.WindowsMailClient.Win.NetCore.Desktop", "DevExpress.WindowsMailClient.Win\DevExpress.WindowsMailClient.Win.NetCore.Desktop.csproj", "{B43AE6C4-8E38-00EE-3CD7-E5D34147F8C6}"
EndProject
Global
	GlobalSection(SolutionConfigurationPlatforms) = preSolution
		Debug|Any CPU = Debug|Any CPU
		DebugTest|Any CPU = DebugTest|Any CPU
		Release|Any CPU = Release|Any CPU
	EndGlobalSection
	GlobalSection(ProjectConfigurationPlatforms) = postSolution
		{B43AE6C4-8E38-00EE-3CD7-E5D34147F8C6}.Debug|Any CPU.ActiveCfg = Debug|Any CPU
		{B43AE6C4-8E38-00EE-3CD7-E5D34147F8C6}.Debug|Any CPU.Build.0 = Debug|Any CPU
		{B43AE6C4-8E38-00EE-3CD7-E5D34147F8C6}.DebugTest|Any CPU.ActiveCfg = Debug|Any CPU
		{B43AE6C4-8E38-00EE-3CD7-E5D34147F8C6}.DebugTest|Any CPU.Build.0 = Debug|Any CPU
		{B43AE6C4-8E38-00EE-3CD7-E5D34147F8C6}.Release|Any CPU.ActiveCfg = Release|Any CPU
		{B43AE6C4-8E38-00EE-3CD7-E5D34147F8C6}.Release|Any CPU.Build.0 = Release|Any CPU
	EndGlobalSection
	GlobalSection(SolutionProperties) = preSolution
		HideSolutionNode = FALSE
	EndGlobalSection
	GlobalSection(ExtensibilityGlobals) = postSolution
		SolutionGuid = {578F4647-0481-4060-9FD4-58144759FEF8}
	EndGlobalSection
EndGlobal
