
Microsoft Visual Studio Solution File, Format Version 12.00
# Visual Studio 15
VisualStudioVersion = 15.0.27428.2037
MinimumVisualStudioVersion = 10.0.40219.1
Project("{FAE04EC0-301F-11D3-BF4B-00C04F79EFBC}") = "DevExpress.WindowsMailClient.Win", "DevExpress.WindowsMailClient.Win\DevExpress.WindowsMailClient.Win.csproj", "{9B7ADCC4-52CF-42F5-8781-5358585390FE}"
EndProject
Global
	GlobalSection(SolutionConfigurationPlatforms) = preSolution
		Debug|Any CPU = Debug|Any CPU
		Release|Any CPU = Release|Any CPU
	EndGlobalSection
	GlobalSection(ProjectConfigurationPlatforms) = postSolution
		{9B7ADCC4-52CF-42F5-8781-5358585390FE}.Debug|Any CPU.ActiveCfg = Debug|Any CPU
		{9B7ADCC4-52CF-42F5-8781-5358585390FE}.Debug|Any CPU.Build.0 = Debug|Any CPU
		{9B7ADCC4-52CF-42F5-8781-5358585390FE}.Release|Any CPU.ActiveCfg = Release|Any CPU
		{9B7ADCC4-52CF-42F5-8781-5358585390FE}.Release|Any CPU.Build.0 = Release|Any CPU
	EndGlobalSection
	GlobalSection(SolutionProperties) = preSolution
		HideSolutionNode = FALSE
	EndGlobalSection
	GlobalSection(ExtensibilityGlobals) = postSolution
		SolutionGuid = {2716F0B0-DF74-4C54-A088-C7ADA8887001}
	EndGlobalSection
EndGlobal
