Microsoft Visual Studio Solution File, Format Version 12.00
# Visual Studio 15
VisualStudioVersion = 15.0.26228.04
MinimumVisualStudioVersion = 10.0.40219.1
Project("{9A19103F-16F7-4668-BE54-9A1E7A4F7556}") = "WizardAeroDemo.NetCore.Desktop", "WizardAeroDemo.NetCore.Desktop.csproj", "{5B06146C-C3B3-03AD-0F37-1DCA8F7C2913}"
EndProject
Global
	GlobalSection(SolutionConfigurationPlatforms) = preSolution
		Debug|Any CPU = Debug|Any CPU
		Release|Any CPU = Release|Any CPU
	EndGlobalSection
	GlobalSection(ProjectDependencies) = postSolution
	EndGlobalSection
	GlobalSection(ProjectConfigurationPlatforms) = postSolution
		{5B06146C-C3B3-03AD-0F37-1DCA8F7C2913}.Debug|Any CPU.ActiveCfg = Debug|Any CPU
		{5B06146C-C3B3-03AD-0F37-1DCA8F7C2913}.Debug|Any CPU.Build.0 = Debug|Any CPU
		{5B06146C-C3B3-03AD-0F37-1DCA8F7C2913}.Release|Any CPU.ActiveCfg = Release|Any CPU
		{5B06146C-C3B3-03AD-0F37-1DCA8F7C2913}.Release|Any CPU.Build.0 = Release|Any CPU
	EndGlobalSection
	GlobalSection(SolutionProperties) = preSolution
		HideSolutionNode = FALSE
	EndGlobalSection
EndGlobal
